
Microsoft Visual Studio Solution File, Format Version 12.00
# Visual Studio Version 16
VisualStudioVersion = 16.0.29905.134
MinimumVisualStudioVersion = 10.0.40219.1
Project("{FAE04EC0-301F-11D3-BF4B-00C04F79EFBC}") = "Taller", "Taller.csproj", "{269E114B-536E-46C9-998F-79A8CC4714D3}"
EndProject
Global
	GlobalSection(SolutionConfigurationPlatforms) = preSolution
		Debug|Any CPU = Debug|Any CPU
		Release|Any CPU = Release|Any CPU
	EndGlobalSection
	GlobalSection(ProjectConfigurationPlatforms) = postSolution
		{269E114B-536E-46C9-998F-79A8CC4714D3}.Debug|Any CPU.ActiveCfg = Debug|Any CPU
		{269E114B-536E-46C9-998F-79A8CC4714D3}.Debug|Any CPU.Build.0 = Debug|Any CPU
		{269E114B-536E-46C9-998F-79A8CC4714D3}.Release|Any CPU.ActiveCfg = Release|Any CPU
		{269E114B-536E-46C9-998F-79A8CC4714D3}.Release|Any CPU.Build.0 = Release|Any CPU
	EndGlobalSection
	GlobalSection(SolutionProperties) = preSolution
		HideSolutionNode = FALSE
	EndGlobalSection
	GlobalSection(ExtensibilityGlobals) = postSolution
		SolutionGuid = {EABCC31C-6AFF-411E-B5A6-3915E06CF769}
	EndGlobalSection
EndGlobal
