
Microsoft Visual Studio Solution File, Format Version 12.00
# Visual Studio Version 16
VisualStudioVersion = 16.0.29920.165
MinimumVisualStudioVersion = 10.0.40219.1
Project("{FAE04EC0-301F-11D3-BF4B-00C04F79EFBC}") = "Piedra, Papel o Tijera", "Piedra, Papel o Tijera.csproj", "{7AC4C0A1-2557-4FD3-AC5E-26AB470A4414}"
EndProject
Global
	GlobalSection(SolutionConfigurationPlatforms) = preSolution
		Debug|Any CPU = Debug|Any CPU
		Release|Any CPU = Release|Any CPU
	EndGlobalSection
	GlobalSection(ProjectConfigurationPlatforms) = postSolution
		{7AC4C0A1-2557-4FD3-AC5E-26AB470A4414}.Debug|Any CPU.ActiveCfg = Debug|Any CPU
		{7AC4C0A1-2557-4FD3-AC5E-26AB470A4414}.Debug|Any CPU.Build.0 = Debug|Any CPU
		{7AC4C0A1-2557-4FD3-AC5E-26AB470A4414}.Release|Any CPU.ActiveCfg = Release|Any CPU
		{7AC4C0A1-2557-4FD3-AC5E-26AB470A4414}.Release|Any CPU.Build.0 = Release|Any CPU
	EndGlobalSection
	GlobalSection(SolutionProperties) = preSolution
		HideSolutionNode = FALSE
	EndGlobalSection
	GlobalSection(ExtensibilityGlobals) = postSolution
		SolutionGuid = {02CAF6DD-1A8A-4629-941C-24F322FFD5B1}
	EndGlobalSection
EndGlobal
